{
    "name": "gitbook-plugin-download-pdf2",
    "version": "0.0.1",
    "lockfileVersion": 1,
    "requires": true,
    "dependencies": {
        "gitbook-plugin-download-pdf": {
            "version": "1.0.0",
            "resolved": "https://registry.npmjs.org/gitbook-plugin-download-pdf/-/gitbook-plugin-download-pdf-1.0.0.tgz",
            "integrity": "sha1-jp/2LhuRiDp6J7E9JRyaltOfQio="
        }
    }
}
